
Microsoft Visual Studio Solution File, Format Version 12.00
# Visual Studio Version 17
VisualStudioVersion = 17.4.33213.308
MinimumVisualStudioVersion = 10.0.40219.1
Project("{9A19103F-16F7-4668-BE54-9A1E7A4F7556}") = "Demo", "Demo\Demo.csproj", "{49DBFE3D-C75B-4434-B335-B61C4BF6B3BB}"
EndProject
Global
	GlobalSection(SolutionConfigurationPlatforms) = preSolution
		Debug|Any CPU = Debug|Any CPU
		Release|Any CPU = Release|Any CPU
	EndGlobalSection
	GlobalSection(ProjectConfigurationPlatforms) = postSolution
		{49DBFE3D-C75B-4434-B335-B61C4BF6B3BB}.Debug|Any CPU.ActiveCfg = Debug|Any CPU
		{49DBFE3D-C75B-4434-B335-B61C4BF6B3BB}.Debug|Any CPU.Build.0 = Debug|Any CPU
		{49DBFE3D-C75B-4434-B335-B61C4BF6B3BB}.Release|Any CPU.ActiveCfg = Release|Any CPU
		{49DBFE3D-C75B-4434-B335-B61C4BF6B3BB}.Release|Any CPU.Build.0 = Release|Any CPU
	EndGlobalSection
	GlobalSection(SolutionProperties) = preSolution
		HideSolutionNode = FALSE
	EndGlobalSection
	GlobalSection(ExtensibilityGlobals) = postSolution
		SolutionGuid = {5D6693D8-1F04-4D6E-8DB3-503279818EE7}
	EndGlobalSection
EndGlobal
